
Microsoft Visual Studio Solution File, Format Version 12.00
# Visual Studio Version 17
VisualStudioVersion = 17.10.35013.160
MinimumVisualStudioVersion = 10.0.40219.1
Project("{FAE04EC0-301F-11D3-BF4B-00C04F79EFBC}") = "LoginSignupAPI", "LoginSignupAPI\LoginSignupAPI.csproj", "{9E73BC6A-D891-4D82-81AF-03081985DE7E}"
EndProject
Global
	GlobalSection(SolutionConfigurationPlatforms) = preSolution
		Debug|Any CPU = Debug|Any CPU
		Release|Any CPU = Release|Any CPU
	EndGlobalSection
	GlobalSection(ProjectConfigurationPlatforms) = postSolution
		{9E73BC6A-D891-4D82-81AF-03081985DE7E}.Debug|Any CPU.ActiveCfg = Debug|Any CPU
		{9E73BC6A-D891-4D82-81AF-03081985DE7E}.Debug|Any CPU.Build.0 = Debug|Any CPU
		{9E73BC6A-D891-4D82-81AF-03081985DE7E}.Release|Any CPU.ActiveCfg = Release|Any CPU
		{9E73BC6A-D891-4D82-81AF-03081985DE7E}.Release|Any CPU.Build.0 = Release|Any CPU
	EndGlobalSection
	GlobalSection(SolutionProperties) = preSolution
		HideSolutionNode = FALSE
	EndGlobalSection
	GlobalSection(ExtensibilityGlobals) = postSolution
		SolutionGuid = {4034763C-8B70-46EA-8149-62E7819A59BE}
	EndGlobalSection
EndGlobal
